
Microsoft Visual Studio Solution File, Format Version 12.00
# Visual Studio Version 16
VisualStudioVersion = 16.0.29519.87
MinimumVisualStudioVersion = 10.0.40219.1
Project("{FAE04EC0-301F-11D3-BF4B-00C04F79EFBC}") = "CoreWebApplication", "CoreWebApplication.csproj", "{286A257B-6097-4E51-9AC2-57B79AC5A29E}"
EndProject
Global
	GlobalSection(SolutionConfigurationPlatforms) = preSolution
		Debug|Any CPU = Debug|Any CPU
		Release|Any CPU = Release|Any CPU
	EndGlobalSection
	GlobalSection(ProjectConfigurationPlatforms) = postSolution
		{286A257B-6097-4E51-9AC2-57B79AC5A29E}.Debug|Any CPU.ActiveCfg = Debug|Any CPU
		{286A257B-6097-4E51-9AC2-57B79AC5A29E}.Debug|Any CPU.Build.0 = Debug|Any CPU
		{286A257B-6097-4E51-9AC2-57B79AC5A29E}.Release|Any CPU.ActiveCfg = Release|Any CPU
		{286A257B-6097-4E51-9AC2-57B79AC5A29E}.Release|Any CPU.Build.0 = Release|Any CPU
	EndGlobalSection
	GlobalSection(SolutionProperties) = preSolution
		HideSolutionNode = FALSE
	EndGlobalSection
	GlobalSection(ExtensibilityGlobals) = postSolution
		SolutionGuid = {2772F28C-CF79-462C-92AA-E30E778A8936}
	EndGlobalSection
EndGlobal
